<?xml version="1.0" encoding="utf-8"?>
<Project ToolsVersion="17.0" xmlns="http://schemas.microsoft.com/developer/msbuild/2003">
  <ItemGroup>
    <ClCompile Include="C:\Users\User\source\repos\Audic212\TIPE\src\base.cpp">
      <Filter>Source Files</Filter>
    </ClCompile>
    <ClCompile Include="C:\Users\User\source\repos\Audic212\TIPE\src\food.cpp">
      <Filter>Source Files</Filter>
    </ClCompile>
    <ClCompile Include="C:\Users\User\source\repos\Audic212\TIPE\src\game_class.cpp">
      <Filter>Source Files</Filter>
    </ClCompile>
    <ClCompile Include="C:\Users\User\source\repos\Audic212\TIPE\src\graphics.cpp">
      <Filter>Source Files</Filter>
    </ClCompile>
    <ClCompile Include="C:\Users\User\source\repos\Audic212\TIPE\src\hex_map.cpp">
      <Filter>Source Files</Filter>
    </ClCompile>
    <ClCompile Include="C:\Users\User\source\repos\Audic212\TIPE\src\hps.cpp">
      <Filter>Source Files</Filter>
    </ClCompile>
    <ClCompile Include="C:\Users\User\source\repos\Audic212\TIPE\src\init.cpp">
      <Filter>Source Files</Filter>
    </ClCompile>
    <ClCompile Include="C:\Users\User\source\repos\Audic212\TIPE\src\main.cpp">
      <Filter>Source Files</Filter>
    </ClCompile>
    <ClCompile Include="C:\Users\User\source\repos\Audic212\TIPE\src\object.cpp">
      <Filter>Source Files</Filter>
    </ClCompile>
    <ClCompile Include="C:\Users\User\source\repos\Audic212\TIPE\src\parser.cpp">
      <Filter>Source Files</Filter>
    </ClCompile>
    <ClCompile Include="C:\Users\User\source\repos\Audic212\TIPE\src\player.cpp">
      <Filter>Source Files</Filter>
    </ClCompile>
    <ClCompile Include="C:\Users\User\source\repos\Audic212\TIPE\src\player_group.cpp">
      <Filter>Source Files</Filter>
    </ClCompile>
    <ClCompile Include="C:\Users\User\source\repos\Audic212\TIPE\src\player_random.cpp">
      <Filter>Source Files</Filter>
    </ClCompile>
    <ClCompile Include="C:\Users\User\source\repos\Audic212\TIPE\src\state_class.cpp">
      <Filter>Source Files</Filter>
    </ClCompile>
    <ClCompile Include="C:\Users\User\source\repos\Audic212\TIPE\src\test.cpp">
      <Filter>Source Files</Filter>
    </ClCompile>
    <ClCompile Include="C:\Users\User\source\repos\Audic212\TIPE\src\units.cpp">
      <Filter>Source Files</Filter>
    </ClCompile>
    <ClCompile Include="..\src\dbscan.cpp">
      <Filter>Source Files</Filter>
    </ClCompile>
  </ItemGroup>
  <ItemGroup>
    <ClInclude Include="C:\Users\User\source\repos\Audic212\TIPE\include\base.hpp">
      <Filter>Header Files</Filter>
    </ClInclude>
    <ClInclude Include="C:\Users\User\source\repos\Audic212\TIPE\include\food.hpp">
      <Filter>Header Files</Filter>
    </ClInclude>
    <ClInclude Include="C:\Users\User\source\repos\Audic212\TIPE\include\game_class.hpp">
      <Filter>Header Files</Filter>
    </ClInclude>
    <ClInclude Include="C:\Users\User\source\repos\Audic212\TIPE\include\graphics.hpp">
      <Filter>Header Files</Filter>
    </ClInclude>
    <ClInclude Include="C:\Users\User\source\repos\Audic212\TIPE\include\hex_map.hpp">
      <Filter>Header Files</Filter>
    </ClInclude>
    <ClInclude Include="C:\Users\User\source\repos\Audic212\TIPE\include\hps.hpp">
      <Filter>Header Files</Filter>
    </ClInclude>
    <ClInclude Include="C:\Users\User\source\repos\Audic212\TIPE\include\init.hpp">
      <Filter>Header Files</Filter>
    </ClInclude>
    <ClInclude Include="C:\Users\User\source\repos\Audic212\TIPE\include\object.hpp">
      <Filter>Header Files</Filter>
    </ClInclude>
    <ClInclude Include="C:\Users\User\source\repos\Audic212\TIPE\include\parser.hpp">
      <Filter>Header Files</Filter>
    </ClInclude>
    <ClInclude Include="C:\Users\User\source\repos\Audic212\TIPE\include\player_class.hpp">
      <Filter>Header Files</Filter>
    </ClInclude>
    <ClInclude Include="C:\Users\User\source\repos\Audic212\TIPE\include\player_group.hpp">
      <Filter>Header Files</Filter>
    </ClInclude>
    <ClInclude Include="C:\Users\User\source\repos\Audic212\TIPE\include\player_random.hpp">
      <Filter>Header Files</Filter>
    </ClInclude>
    <ClInclude Include="C:\Users\User\source\repos\Audic212\TIPE\include\position.hpp">
      <Filter>Header Files</Filter>
    </ClInclude>
    <ClInclude Include="C:\Users\User\source\repos\Audic212\TIPE\include\state_class.hpp">
      <Filter>Header Files</Filter>
    </ClInclude>
    <ClInclude Include="C:\Users\User\source\repos\Audic212\TIPE\include\test.hpp">
      <Filter>Header Files</Filter>
    </ClInclude>
    <ClInclude Include="C:\Users\User\source\repos\Audic212\TIPE\include\types.hpp">
      <Filter>Header Files</Filter>
    </ClInclude>
    <ClInclude Include="C:\Users\User\source\repos\Audic212\TIPE\include\units.hpp">
      <Filter>Header Files</Filter>
    </ClInclude>
    <ClInclude Include="..\include\dbscan.hpp">
      <Filter>Header Files</Filter>
    </ClInclude>
  </ItemGroup>
  <ItemGroup>
    <CustomBuild Include="C:\Users\User\source\repos\Audic212\TIPE\CMakeLists.txt" />
  </ItemGroup>
  <ItemGroup>
    <Filter Include="Header Files">
      <UniqueIdentifier>{B8AE680B-3E82-3E88-93C8-36D9599C94B1}</UniqueIdentifier>
    </Filter>
    <Filter Include="Source Files">
      <UniqueIdentifier>{AD04FDA0-B1D0-3EFD-8A1E-D5739F0245D0}</UniqueIdentifier>
    </Filter>
    <Filter Include="Datas">
      <UniqueIdentifier>{de93f5d4-a0df-4f42-928e-8da63825bd1a}</UniqueIdentifier>
    </Filter>
  </ItemGroup>
  <ItemGroup>
    <Font Include="..\cour.ttf">
      <Filter>Datas</Filter>
    </Font>
  </ItemGroup>
  <ItemGroup>
    <Text Include="..\expe.txt">
      <Filter>Datas</Filter>
    </Text>
    <Text Include="..\map.txt">
      <Filter>Datas</Filter>
    </Text>
    <Text Include="..\map_empty.txt">
      <Filter>Datas</Filter>
    </Text>
  </ItemGroup>
  <ItemGroup>
    <Image Include="..\hex_b.png">
      <Filter>Datas</Filter>
    </Image>
    <Image Include="..\hex_p.png">
      <Filter>Datas</Filter>
    </Image>
  </ItemGroup>
</Project>