
Microsoft Visual Studio Solution File, Format Version 12.00
# Visual Studio Version 17
Project("{2150E333-8FDC-42A3-9474-1A3956D46DE8}") = "CMakePredefinedTargets", "CMakePredefinedTargets", "{C65571E2-A91D-31A4-8580-0C5E13982934}"
EndProject
Project("{2150E333-8FDC-42A3-9474-1A3956D46DE8}") = "CTestDashboardTargets", "CTestDashboardTargets", "{1770FD32-42EA-3043-99BC-E3ED32A558E1}"
EndProject
Project("{2150E333-8FDC-42A3-9474-1A3956D46DE8}") = "GLFW3", "GLFW3", "{9B2BCC79-41BE-3FE4-9691-068F7186A495}"
EndProject
Project("{8BC9CEB8-8B4A-11D0-8D11-00A0C91BC942}") = "ALL_BUILD", "ALL_BUILD.vcxproj", "{BF7C540A-E4E3-3617-ABC1-0E4C88394438}"
	ProjectSection(ProjectDependencies) = postProject
		{7CFCBCAF-B3BC-30E3-9187-E06880DED476} = {7CFCBCAF-B3BC-30E3-9187-E06880DED476}
		{977531EA-F7A2-35AA-9C75-FCBE277690C9} = {977531EA-F7A2-35AA-9C75-FCBE277690C9}
		{70F38A92-673A-32D3-9AD9-DF40CF55E095} = {70F38A92-673A-32D3-9AD9-DF40CF55E095}
		{9FF7A6C2-43B5-36FA-A237-777DAC990EE0} = {9FF7A6C2-43B5-36FA-A237-777DAC990EE0}
		{376BBEAD-055E-31DB-81CE-E5F64A10E0D0} = {376BBEAD-055E-31DB-81CE-E5F64A10E0D0}
		{F583A7CC-5F80-3A3E-B16E-06D34466CEA3} = {F583A7CC-5F80-3A3E-B16E-06D34466CEA3}
		{FF471A43-FA31-35C9-AA73-32586BD701D4} = {FF471A43-FA31-35C9-AA73-32586BD701D4}
		{8429C72D-F6FB-3AE4-8B7C-5860AB1368A3} = {8429C72D-F6FB-3AE4-8B7C-5860AB1368A3}
		{224162E4-617A-306A-83D3-E3FFA808AEE8} = {224162E4-617A-306A-83D3-E3FFA808AEE8}
		{C4D8FA4C-C010-3259-8DB0-2F27757239D6} = {C4D8FA4C-C010-3259-8DB0-2F27757239D6}
	EndProjectSection
EndProject
Project("{8BC9CEB8-8B4A-11D0-8D11-00A0C91BC942}") = "Continuous", "external\yaml-cpp\Continuous.vcxproj", "{B58FCAF9-D137-325E-9737-838B9A00A1E7}"
	ProjectSection(ProjectDependencies) = postProject
		{376BBEAD-055E-31DB-81CE-E5F64A10E0D0} = {376BBEAD-055E-31DB-81CE-E5F64A10E0D0}
	EndProjectSection
EndProject
Project("{8BC9CEB8-8B4A-11D0-8D11-00A0C91BC942}") = "Experimental", "external\yaml-cpp\Experimental.vcxproj", "{B121475C-10D8-3B47-953C-56123F64D912}"
	ProjectSection(ProjectDependencies) = postProject
		{376BBEAD-055E-31DB-81CE-E5F64A10E0D0} = {376BBEAD-055E-31DB-81CE-E5F64A10E0D0}
	EndProjectSection
EndProject
Project("{8BC9CEB8-8B4A-11D0-8D11-00A0C91BC942}") = "INSTALL", "INSTALL.vcxproj", "{7E35F192-FD58-3953-90E6-F68C410E369A}"
	ProjectSection(ProjectDependencies) = postProject
		{BF7C540A-E4E3-3617-ABC1-0E4C88394438} = {BF7C540A-E4E3-3617-ABC1-0E4C88394438}
		{376BBEAD-055E-31DB-81CE-E5F64A10E0D0} = {376BBEAD-055E-31DB-81CE-E5F64A10E0D0}
	EndProjectSection
EndProject
Project("{8BC9CEB8-8B4A-11D0-8D11-00A0C91BC942}") = "Nightly", "external\yaml-cpp\Nightly.vcxproj", "{BF39CD42-FEA6-3878-9E12-4E641B5A374F}"
	ProjectSection(ProjectDependencies) = postProject
		{376BBEAD-055E-31DB-81CE-E5F64A10E0D0} = {376BBEAD-055E-31DB-81CE-E5F64A10E0D0}
	EndProjectSection
EndProject
Project("{8BC9CEB8-8B4A-11D0-8D11-00A0C91BC942}") = "NightlyMemoryCheck", "external\yaml-cpp\NightlyMemoryCheck.vcxproj", "{232C7006-FFA4-30D9-8D17-1EDC8B30A7CD}"
	ProjectSection(ProjectDependencies) = postProject
		{376BBEAD-055E-31DB-81CE-E5F64A10E0D0} = {376BBEAD-055E-31DB-81CE-E5F64A10E0D0}
	EndProjectSection
EndProject
Project("{8BC9CEB8-8B4A-11D0-8D11-00A0C91BC942}") = "PACKAGE", "PACKAGE.vcxproj", "{C145797E-C6BB-3AA8-92DF-6A3D5A94508C}"
	ProjectSection(ProjectDependencies) = postProject
		{BF7C540A-E4E3-3617-ABC1-0E4C88394438} = {BF7C540A-E4E3-3617-ABC1-0E4C88394438}
		{376BBEAD-055E-31DB-81CE-E5F64A10E0D0} = {376BBEAD-055E-31DB-81CE-E5F64A10E0D0}
	EndProjectSection
EndProject
Project("{8BC9CEB8-8B4A-11D0-8D11-00A0C91BC942}") = "SDL3-static", "external\SDL\SDL3-static.vcxproj", "{7CFCBCAF-B3BC-30E3-9187-E06880DED476}"
	ProjectSection(ProjectDependencies) = postProject
		{376BBEAD-055E-31DB-81CE-E5F64A10E0D0} = {376BBEAD-055E-31DB-81CE-E5F64A10E0D0}
	EndProjectSection
EndProject
Project("{8BC9CEB8-8B4A-11D0-8D11-00A0C91BC942}") = "SDL3_image", "external\SDL-image\SDL3_image.vcxproj", "{977531EA-F7A2-35AA-9C75-FCBE277690C9}"
	ProjectSection(ProjectDependencies) = postProject
		{7CFCBCAF-B3BC-30E3-9187-E06880DED476} = {7CFCBCAF-B3BC-30E3-9187-E06880DED476}
		{376BBEAD-055E-31DB-81CE-E5F64A10E0D0} = {376BBEAD-055E-31DB-81CE-E5F64A10E0D0}
	EndProjectSection
EndProject
Project("{8BC9CEB8-8B4A-11D0-8D11-00A0C91BC942}") = "SDL3_ttf", "external\SDL-ttf\SDL3_ttf.vcxproj", "{70F38A92-673A-32D3-9AD9-DF40CF55E095}"
	ProjectSection(ProjectDependencies) = postProject
		{7CFCBCAF-B3BC-30E3-9187-E06880DED476} = {7CFCBCAF-B3BC-30E3-9187-E06880DED476}
		{376BBEAD-055E-31DB-81CE-E5F64A10E0D0} = {376BBEAD-055E-31DB-81CE-E5F64A10E0D0}
		{C30032AE-A617-3EA6-9438-FE48C2681D9B} = {C30032AE-A617-3EA6-9438-FE48C2681D9B}
	EndProjectSection
EndProject
Project("{8BC9CEB8-8B4A-11D0-8D11-00A0C91BC942}") = "TIPE", "TIPE.vcxproj", "{9FF7A6C2-43B5-36FA-A237-777DAC990EE0}"
	ProjectSection(ProjectDependencies) = postProject
		{7CFCBCAF-B3BC-30E3-9187-E06880DED476} = {7CFCBCAF-B3BC-30E3-9187-E06880DED476}
		{977531EA-F7A2-35AA-9C75-FCBE277690C9} = {977531EA-F7A2-35AA-9C75-FCBE277690C9}
		{70F38A92-673A-32D3-9AD9-DF40CF55E095} = {70F38A92-673A-32D3-9AD9-DF40CF55E095}
		{376BBEAD-055E-31DB-81CE-E5F64A10E0D0} = {376BBEAD-055E-31DB-81CE-E5F64A10E0D0}
		{C30032AE-A617-3EA6-9438-FE48C2681D9B} = {C30032AE-A617-3EA6-9438-FE48C2681D9B}
		{F583A7CC-5F80-3A3E-B16E-06D34466CEA3} = {F583A7CC-5F80-3A3E-B16E-06D34466CEA3}
		{FF471A43-FA31-35C9-AA73-32586BD701D4} = {FF471A43-FA31-35C9-AA73-32586BD701D4}
	EndProjectSection
EndProject
Project("{8BC9CEB8-8B4A-11D0-8D11-00A0C91BC942}") = "ZERO_CHECK", "ZERO_CHECK.vcxproj", "{376BBEAD-055E-31DB-81CE-E5F64A10E0D0}"
	ProjectSection(ProjectDependencies) = postProject
	EndProjectSection
EndProject
Project("{8BC9CEB8-8B4A-11D0-8D11-00A0C91BC942}") = "freetype", "external\SDL-ttf\external\freetype\freetype.vcxproj", "{C30032AE-A617-3EA6-9438-FE48C2681D9B}"
	ProjectSection(ProjectDependencies) = postProject
		{376BBEAD-055E-31DB-81CE-E5F64A10E0D0} = {376BBEAD-055E-31DB-81CE-E5F64A10E0D0}
	EndProjectSection
EndProject
Project("{8BC9CEB8-8B4A-11D0-8D11-00A0C91BC942}") = "glfw", "external\glfw\src\glfw.vcxproj", "{F583A7CC-5F80-3A3E-B16E-06D34466CEA3}"
	ProjectSection(ProjectDependencies) = postProject
		{376BBEAD-055E-31DB-81CE-E5F64A10E0D0} = {376BBEAD-055E-31DB-81CE-E5F64A10E0D0}
	EndProjectSection
EndProject
Project("{8BC9CEB8-8B4A-11D0-8D11-00A0C91BC942}") = "uninstall", "external\glfw\uninstall.vcxproj", "{861B68AB-FC62-36B5-B282-64A3EE9CA3B5}"
	ProjectSection(ProjectDependencies) = postProject
		{376BBEAD-055E-31DB-81CE-E5F64A10E0D0} = {376BBEAD-055E-31DB-81CE-E5F64A10E0D0}
	EndProjectSection
EndProject
Project("{8BC9CEB8-8B4A-11D0-8D11-00A0C91BC942}") = "update_mappings", "external\glfw\src\update_mappings.vcxproj", "{4A88F790-CEAB-3C82-90CD-CAAB8C90B20A}"
	ProjectSection(ProjectDependencies) = postProject
		{376BBEAD-055E-31DB-81CE-E5F64A10E0D0} = {376BBEAD-055E-31DB-81CE-E5F64A10E0D0}
	EndProjectSection
EndProject
Project("{8BC9CEB8-8B4A-11D0-8D11-00A0C91BC942}") = "yaml-cpp", "external\yaml-cpp\yaml-cpp.vcxproj", "{FF471A43-FA31-35C9-AA73-32586BD701D4}"
	ProjectSection(ProjectDependencies) = postProject
		{376BBEAD-055E-31DB-81CE-E5F64A10E0D0} = {376BBEAD-055E-31DB-81CE-E5F64A10E0D0}
	EndProjectSection
EndProject
Project("{8BC9CEB8-8B4A-11D0-8D11-00A0C91BC942}") = "yaml-cpp-parse", "external\yaml-cpp\util\yaml-cpp-parse.vcxproj", "{8429C72D-F6FB-3AE4-8B7C-5860AB1368A3}"
	ProjectSection(ProjectDependencies) = postProject
		{376BBEAD-055E-31DB-81CE-E5F64A10E0D0} = {376BBEAD-055E-31DB-81CE-E5F64A10E0D0}
		{FF471A43-FA31-35C9-AA73-32586BD701D4} = {FF471A43-FA31-35C9-AA73-32586BD701D4}
	EndProjectSection
EndProject
Project("{8BC9CEB8-8B4A-11D0-8D11-00A0C91BC942}") = "yaml-cpp-read", "external\yaml-cpp\util\yaml-cpp-read.vcxproj", "{224162E4-617A-306A-83D3-E3FFA808AEE8}"
	ProjectSection(ProjectDependencies) = postProject
		{376BBEAD-055E-31DB-81CE-E5F64A10E0D0} = {376BBEAD-055E-31DB-81CE-E5F64A10E0D0}
		{FF471A43-FA31-35C9-AA73-32586BD701D4} = {FF471A43-FA31-35C9-AA73-32586BD701D4}
	EndProjectSection
EndProject
Project("{8BC9CEB8-8B4A-11D0-8D11-00A0C91BC942}") = "yaml-cpp-sandbox", "external\yaml-cpp\util\yaml-cpp-sandbox.vcxproj", "{C4D8FA4C-C010-3259-8DB0-2F27757239D6}"
	ProjectSection(ProjectDependencies) = postProject
		{376BBEAD-055E-31DB-81CE-E5F64A10E0D0} = {376BBEAD-055E-31DB-81CE-E5F64A10E0D0}
		{FF471A43-FA31-35C9-AA73-32586BD701D4} = {FF471A43-FA31-35C9-AA73-32586BD701D4}
	EndProjectSection
EndProject
Global
	GlobalSection(SolutionConfigurationPlatforms) = preSolution
		Debug|x64 = Debug|x64
		Release|x64 = Release|x64
		MinSizeRel|x64 = MinSizeRel|x64
		RelWithDebInfo|x64 = RelWithDebInfo|x64
	EndGlobalSection
	GlobalSection(ProjectConfigurationPlatforms) = postSolution
		{BF7C540A-E4E3-3617-ABC1-0E4C88394438}.Debug|x64.ActiveCfg = Debug|x64
		{BF7C540A-E4E3-3617-ABC1-0E4C88394438}.Debug|x64.Build.0 = Debug|x64
		{BF7C540A-E4E3-3617-ABC1-0E4C88394438}.Release|x64.ActiveCfg = Release|x64
		{BF7C540A-E4E3-3617-ABC1-0E4C88394438}.Release|x64.Build.0 = Release|x64
		{BF7C540A-E4E3-3617-ABC1-0E4C88394438}.MinSizeRel|x64.ActiveCfg = MinSizeRel|x64
		{BF7C540A-E4E3-3617-ABC1-0E4C88394438}.MinSizeRel|x64.Build.0 = MinSizeRel|x64
		{BF7C540A-E4E3-3617-ABC1-0E4C88394438}.RelWithDebInfo|x64.ActiveCfg = RelWithDebInfo|x64
		{BF7C540A-E4E3-3617-ABC1-0E4C88394438}.RelWithDebInfo|x64.Build.0 = RelWithDebInfo|x64
		{B58FCAF9-D137-325E-9737-838B9A00A1E7}.Debug|x64.ActiveCfg = Debug|x64
		{B58FCAF9-D137-325E-9737-838B9A00A1E7}.Release|x64.ActiveCfg = Release|x64
		{B58FCAF9-D137-325E-9737-838B9A00A1E7}.MinSizeRel|x64.ActiveCfg = MinSizeRel|x64
		{B58FCAF9-D137-325E-9737-838B9A00A1E7}.RelWithDebInfo|x64.ActiveCfg = RelWithDebInfo|x64
		{B121475C-10D8-3B47-953C-56123F64D912}.Debug|x64.ActiveCfg = Debug|x64
		{B121475C-10D8-3B47-953C-56123F64D912}.Release|x64.ActiveCfg = Release|x64
		{B121475C-10D8-3B47-953C-56123F64D912}.MinSizeRel|x64.ActiveCfg = MinSizeRel|x64
		{B121475C-10D8-3B47-953C-56123F64D912}.RelWithDebInfo|x64.ActiveCfg = RelWithDebInfo|x64
		{7E35F192-FD58-3953-90E6-F68C410E369A}.Debug|x64.ActiveCfg = Debug|x64
		{7E35F192-FD58-3953-90E6-F68C410E369A}.Release|x64.ActiveCfg = Release|x64
		{7E35F192-FD58-3953-90E6-F68C410E369A}.MinSizeRel|x64.ActiveCfg = MinSizeRel|x64
		{7E35F192-FD58-3953-90E6-F68C410E369A}.RelWithDebInfo|x64.ActiveCfg = RelWithDebInfo|x64
		{BF39CD42-FEA6-3878-9E12-4E641B5A374F}.Debug|x64.ActiveCfg = Debug|x64
		{BF39CD42-FEA6-3878-9E12-4E641B5A374F}.Release|x64.ActiveCfg = Release|x64
		{BF39CD42-FEA6-3878-9E12-4E641B5A374F}.MinSizeRel|x64.ActiveCfg = MinSizeRel|x64
		{BF39CD42-FEA6-3878-9E12-4E641B5A374F}.RelWithDebInfo|x64.ActiveCfg = RelWithDebInfo|x64
		{232C7006-FFA4-30D9-8D17-1EDC8B30A7CD}.Debug|x64.ActiveCfg = Debug|x64
		{232C7006-FFA4-30D9-8D17-1EDC8B30A7CD}.Release|x64.ActiveCfg = Release|x64
		{232C7006-FFA4-30D9-8D17-1EDC8B30A7CD}.MinSizeRel|x64.ActiveCfg = MinSizeRel|x64
		{232C7006-FFA4-30D9-8D17-1EDC8B30A7CD}.RelWithDebInfo|x64.ActiveCfg = RelWithDebInfo|x64
		{C145797E-C6BB-3AA8-92DF-6A3D5A94508C}.Debug|x64.ActiveCfg = Debug|x64
		{C145797E-C6BB-3AA8-92DF-6A3D5A94508C}.Release|x64.ActiveCfg = Release|x64
		{C145797E-C6BB-3AA8-92DF-6A3D5A94508C}.MinSizeRel|x64.ActiveCfg = MinSizeRel|x64
		{C145797E-C6BB-3AA8-92DF-6A3D5A94508C}.RelWithDebInfo|x64.ActiveCfg = RelWithDebInfo|x64
		{7CFCBCAF-B3BC-30E3-9187-E06880DED476}.Debug|x64.ActiveCfg = Debug|x64
		{7CFCBCAF-B3BC-30E3-9187-E06880DED476}.Debug|x64.Build.0 = Debug|x64
		{7CFCBCAF-B3BC-30E3-9187-E06880DED476}.Release|x64.ActiveCfg = Release|x64
		{7CFCBCAF-B3BC-30E3-9187-E06880DED476}.Release|x64.Build.0 = Release|x64
		{7CFCBCAF-B3BC-30E3-9187-E06880DED476}.MinSizeRel|x64.ActiveCfg = MinSizeRel|x64
		{7CFCBCAF-B3BC-30E3-9187-E06880DED476}.MinSizeRel|x64.Build.0 = MinSizeRel|x64
		{7CFCBCAF-B3BC-30E3-9187-E06880DED476}.RelWithDebInfo|x64.ActiveCfg = RelWithDebInfo|x64
		{7CFCBCAF-B3BC-30E3-9187-E06880DED476}.RelWithDebInfo|x64.Build.0 = RelWithDebInfo|x64
		{977531EA-F7A2-35AA-9C75-FCBE277690C9}.Debug|x64.ActiveCfg = Debug|x64
		{977531EA-F7A2-35AA-9C75-FCBE277690C9}.Debug|x64.Build.0 = Debug|x64
		{977531EA-F7A2-35AA-9C75-FCBE277690C9}.Release|x64.ActiveCfg = Release|x64
		{977531EA-F7A2-35AA-9C75-FCBE277690C9}.Release|x64.Build.0 = Release|x64
		{977531EA-F7A2-35AA-9C75-FCBE277690C9}.MinSizeRel|x64.ActiveCfg = MinSizeRel|x64
		{977531EA-F7A2-35AA-9C75-FCBE277690C9}.MinSizeRel|x64.Build.0 = MinSizeRel|x64
		{977531EA-F7A2-35AA-9C75-FCBE277690C9}.RelWithDebInfo|x64.ActiveCfg = RelWithDebInfo|x64
		{977531EA-F7A2-35AA-9C75-FCBE277690C9}.RelWithDebInfo|x64.Build.0 = RelWithDebInfo|x64
		{70F38A92-673A-32D3-9AD9-DF40CF55E095}.Debug|x64.ActiveCfg = Debug|x64
		{70F38A92-673A-32D3-9AD9-DF40CF55E095}.Debug|x64.Build.0 = Debug|x64
		{70F38A92-673A-32D3-9AD9-DF40CF55E095}.Release|x64.ActiveCfg = Release|x64
		{70F38A92-673A-32D3-9AD9-DF40CF55E095}.Release|x64.Build.0 = Release|x64
		{70F38A92-673A-32D3-9AD9-DF40CF55E095}.MinSizeRel|x64.ActiveCfg = MinSizeRel|x64
		{70F38A92-673A-32D3-9AD9-DF40CF55E095}.MinSizeRel|x64.Build.0 = MinSizeRel|x64
		{70F38A92-673A-32D3-9AD9-DF40CF55E095}.RelWithDebInfo|x64.ActiveCfg = RelWithDebInfo|x64
		{70F38A92-673A-32D3-9AD9-DF40CF55E095}.RelWithDebInfo|x64.Build.0 = RelWithDebInfo|x64
		{9FF7A6C2-43B5-36FA-A237-777DAC990EE0}.Debug|x64.ActiveCfg = Debug|x64
		{9FF7A6C2-43B5-36FA-A237-777DAC990EE0}.Debug|x64.Build.0 = Debug|x64
		{9FF7A6C2-43B5-36FA-A237-777DAC990EE0}.Release|x64.ActiveCfg = Release|x64
		{9FF7A6C2-43B5-36FA-A237-777DAC990EE0}.Release|x64.Build.0 = Release|x64
		{9FF7A6C2-43B5-36FA-A237-777DAC990EE0}.MinSizeRel|x64.ActiveCfg = MinSizeRel|x64
		{9FF7A6C2-43B5-36FA-A237-777DAC990EE0}.MinSizeRel|x64.Build.0 = MinSizeRel|x64
		{9FF7A6C2-43B5-36FA-A237-777DAC990EE0}.RelWithDebInfo|x64.ActiveCfg = RelWithDebInfo|x64
		{9FF7A6C2-43B5-36FA-A237-777DAC990EE0}.RelWithDebInfo|x64.Build.0 = RelWithDebInfo|x64
		{376BBEAD-055E-31DB-81CE-E5F64A10E0D0}.Debug|x64.ActiveCfg = Debug|x64
		{376BBEAD-055E-31DB-81CE-E5F64A10E0D0}.Debug|x64.Build.0 = Debug|x64
		{376BBEAD-055E-31DB-81CE-E5F64A10E0D0}.Release|x64.ActiveCfg = Release|x64
		{376BBEAD-055E-31DB-81CE-E5F64A10E0D0}.Release|x64.Build.0 = Release|x64
		{376BBEAD-055E-31DB-81CE-E5F64A10E0D0}.MinSizeRel|x64.ActiveCfg = MinSizeRel|x64
		{376BBEAD-055E-31DB-81CE-E5F64A10E0D0}.MinSizeRel|x64.Build.0 = MinSizeRel|x64
		{376BBEAD-055E-31DB-81CE-E5F64A10E0D0}.RelWithDebInfo|x64.ActiveCfg = RelWithDebInfo|x64
		{376BBEAD-055E-31DB-81CE-E5F64A10E0D0}.RelWithDebInfo|x64.Build.0 = RelWithDebInfo|x64
		{C30032AE-A617-3EA6-9438-FE48C2681D9B}.Debug|x64.ActiveCfg = Debug|x64
		{C30032AE-A617-3EA6-9438-FE48C2681D9B}.Debug|x64.Build.0 = Debug|x64
		{C30032AE-A617-3EA6-9438-FE48C2681D9B}.Release|x64.ActiveCfg = Release|x64
		{C30032AE-A617-3EA6-9438-FE48C2681D9B}.Release|x64.Build.0 = Release|x64
		{C30032AE-A617-3EA6-9438-FE48C2681D9B}.MinSizeRel|x64.ActiveCfg = MinSizeRel|x64
		{C30032AE-A617-3EA6-9438-FE48C2681D9B}.MinSizeRel|x64.Build.0 = MinSizeRel|x64
		{C30032AE-A617-3EA6-9438-FE48C2681D9B}.RelWithDebInfo|x64.ActiveCfg = RelWithDebInfo|x64
		{C30032AE-A617-3EA6-9438-FE48C2681D9B}.RelWithDebInfo|x64.Build.0 = RelWithDebInfo|x64
		{F583A7CC-5F80-3A3E-B16E-06D34466CEA3}.Debug|x64.ActiveCfg = Debug|x64
		{F583A7CC-5F80-3A3E-B16E-06D34466CEA3}.Debug|x64.Build.0 = Debug|x64
		{F583A7CC-5F80-3A3E-B16E-06D34466CEA3}.Release|x64.ActiveCfg = Release|x64
		{F583A7CC-5F80-3A3E-B16E-06D34466CEA3}.Release|x64.Build.0 = Release|x64
		{F583A7CC-5F80-3A3E-B16E-06D34466CEA3}.MinSizeRel|x64.ActiveCfg = MinSizeRel|x64
		{F583A7CC-5F80-3A3E-B16E-06D34466CEA3}.MinSizeRel|x64.Build.0 = MinSizeRel|x64
		{F583A7CC-5F80-3A3E-B16E-06D34466CEA3}.RelWithDebInfo|x64.ActiveCfg = RelWithDebInfo|x64
		{F583A7CC-5F80-3A3E-B16E-06D34466CEA3}.RelWithDebInfo|x64.Build.0 = RelWithDebInfo|x64
		{861B68AB-FC62-36B5-B282-64A3EE9CA3B5}.Debug|x64.ActiveCfg = Debug|x64
		{861B68AB-FC62-36B5-B282-64A3EE9CA3B5}.Release|x64.ActiveCfg = Release|x64
		{861B68AB-FC62-36B5-B282-64A3EE9CA3B5}.MinSizeRel|x64.ActiveCfg = MinSizeRel|x64
		{861B68AB-FC62-36B5-B282-64A3EE9CA3B5}.RelWithDebInfo|x64.ActiveCfg = RelWithDebInfo|x64
		{4A88F790-CEAB-3C82-90CD-CAAB8C90B20A}.Debug|x64.ActiveCfg = Debug|x64
		{4A88F790-CEAB-3C82-90CD-CAAB8C90B20A}.Release|x64.ActiveCfg = Release|x64
		{4A88F790-CEAB-3C82-90CD-CAAB8C90B20A}.MinSizeRel|x64.ActiveCfg = MinSizeRel|x64
		{4A88F790-CEAB-3C82-90CD-CAAB8C90B20A}.RelWithDebInfo|x64.ActiveCfg = RelWithDebInfo|x64
		{FF471A43-FA31-35C9-AA73-32586BD701D4}.Debug|x64.ActiveCfg = Debug|x64
		{FF471A43-FA31-35C9-AA73-32586BD701D4}.Debug|x64.Build.0 = Debug|x64
		{FF471A43-FA31-35C9-AA73-32586BD701D4}.Release|x64.ActiveCfg = Release|x64
		{FF471A43-FA31-35C9-AA73-32586BD701D4}.Release|x64.Build.0 = Release|x64
		{FF471A43-FA31-35C9-AA73-32586BD701D4}.MinSizeRel|x64.ActiveCfg = MinSizeRel|x64
		{FF471A43-FA31-35C9-AA73-32586BD701D4}.MinSizeRel|x64.Build.0 = MinSizeRel|x64
		{FF471A43-FA31-35C9-AA73-32586BD701D4}.RelWithDebInfo|x64.ActiveCfg = RelWithDebInfo|x64
		{FF471A43-FA31-35C9-AA73-32586BD701D4}.RelWithDebInfo|x64.Build.0 = RelWithDebInfo|x64
		{8429C72D-F6FB-3AE4-8B7C-5860AB1368A3}.Debug|x64.ActiveCfg = Debug|x64
		{8429C72D-F6FB-3AE4-8B7C-5860AB1368A3}.Debug|x64.Build.0 = Debug|x64
		{8429C72D-F6FB-3AE4-8B7C-5860AB1368A3}.Release|x64.ActiveCfg = Release|x64
		{8429C72D-F6FB-3AE4-8B7C-5860AB1368A3}.Release|x64.Build.0 = Release|x64
		{8429C72D-F6FB-3AE4-8B7C-5860AB1368A3}.MinSizeRel|x64.ActiveCfg = MinSizeRel|x64
		{8429C72D-F6FB-3AE4-8B7C-5860AB1368A3}.MinSizeRel|x64.Build.0 = MinSizeRel|x64
		{8429C72D-F6FB-3AE4-8B7C-5860AB1368A3}.RelWithDebInfo|x64.ActiveCfg = RelWithDebInfo|x64
		{8429C72D-F6FB-3AE4-8B7C-5860AB1368A3}.RelWithDebInfo|x64.Build.0 = RelWithDebInfo|x64
		{224162E4-617A-306A-83D3-E3FFA808AEE8}.Debug|x64.ActiveCfg = Debug|x64
		{224162E4-617A-306A-83D3-E3FFA808AEE8}.Debug|x64.Build.0 = Debug|x64
		{224162E4-617A-306A-83D3-E3FFA808AEE8}.Release|x64.ActiveCfg = Release|x64
		{224162E4-617A-306A-83D3-E3FFA808AEE8}.Release|x64.Build.0 = Release|x64
		{224162E4-617A-306A-83D3-E3FFA808AEE8}.MinSizeRel|x64.ActiveCfg = MinSizeRel|x64
		{224162E4-617A-306A-83D3-E3FFA808AEE8}.MinSizeRel|x64.Build.0 = MinSizeRel|x64
		{224162E4-617A-306A-83D3-E3FFA808AEE8}.RelWithDebInfo|x64.ActiveCfg = RelWithDebInfo|x64
		{224162E4-617A-306A-83D3-E3FFA808AEE8}.RelWithDebInfo|x64.Build.0 = RelWithDebInfo|x64
		{C4D8FA4C-C010-3259-8DB0-2F27757239D6}.Debug|x64.ActiveCfg = Debug|x64
		{C4D8FA4C-C010-3259-8DB0-2F27757239D6}.Debug|x64.Build.0 = Debug|x64
		{C4D8FA4C-C010-3259-8DB0-2F27757239D6}.Release|x64.ActiveCfg = Release|x64
		{C4D8FA4C-C010-3259-8DB0-2F27757239D6}.Release|x64.Build.0 = Release|x64
		{C4D8FA4C-C010-3259-8DB0-2F27757239D6}.MinSizeRel|x64.ActiveCfg = MinSizeRel|x64
		{C4D8FA4C-C010-3259-8DB0-2F27757239D6}.MinSizeRel|x64.Build.0 = MinSizeRel|x64
		{C4D8FA4C-C010-3259-8DB0-2F27757239D6}.RelWithDebInfo|x64.ActiveCfg = RelWithDebInfo|x64
		{C4D8FA4C-C010-3259-8DB0-2F27757239D6}.RelWithDebInfo|x64.Build.0 = RelWithDebInfo|x64
	EndGlobalSection
	GlobalSection(NestedProjects) = preSolution
		{BF7C540A-E4E3-3617-ABC1-0E4C88394438} = {C65571E2-A91D-31A4-8580-0C5E13982934}
		{7E35F192-FD58-3953-90E6-F68C410E369A} = {C65571E2-A91D-31A4-8580-0C5E13982934}
		{C145797E-C6BB-3AA8-92DF-6A3D5A94508C} = {C65571E2-A91D-31A4-8580-0C5E13982934}
		{376BBEAD-055E-31DB-81CE-E5F64A10E0D0} = {C65571E2-A91D-31A4-8580-0C5E13982934}
		{B58FCAF9-D137-325E-9737-838B9A00A1E7} = {1770FD32-42EA-3043-99BC-E3ED32A558E1}
		{B121475C-10D8-3B47-953C-56123F64D912} = {1770FD32-42EA-3043-99BC-E3ED32A558E1}
		{BF39CD42-FEA6-3878-9E12-4E641B5A374F} = {1770FD32-42EA-3043-99BC-E3ED32A558E1}
		{232C7006-FFA4-30D9-8D17-1EDC8B30A7CD} = {1770FD32-42EA-3043-99BC-E3ED32A558E1}
		{F583A7CC-5F80-3A3E-B16E-06D34466CEA3} = {9B2BCC79-41BE-3FE4-9691-068F7186A495}
		{861B68AB-FC62-36B5-B282-64A3EE9CA3B5} = {9B2BCC79-41BE-3FE4-9691-068F7186A495}
		{4A88F790-CEAB-3C82-90CD-CAAB8C90B20A} = {9B2BCC79-41BE-3FE4-9691-068F7186A495}
	EndGlobalSection
	GlobalSection(ExtensibilityGlobals) = postSolution
		SolutionGuid = {9F3CB811-FF43-38D5-B170-5DBF350F5746}
	EndGlobalSection
	GlobalSection(ExtensibilityAddIns) = postSolution
	EndGlobalSection
EndGlobal
