<?xml version="1.0" encoding="utf-8"?>
<Project ToolsVersion="17.0" xmlns="http://schemas.microsoft.com/developer/msbuild/2003">
  <ItemGroup>
    <CustomBuild Include="C:\Users\User\source\repos\Audic212\TIPE\Builds\CMakeFiles\8b23bd0657099417deeb2113bfe9d916\generate.stamp.rule">
      <Filter>CMake Rules</Filter>
    </CustomBuild>
  </ItemGroup>
  <ItemGroup>
    <None Include="C:\Users\User\source\repos\Audic212\TIPE\.git\modules\external\SDL\HEAD">
      <Filter>Buildsystem Input Files\.git\modules\external\SDL</Filter>
    </None>
    <None Include="C:\Users\User\source\repos\Audic212\TIPE\external\SDL-image\CMakeLists.txt">
      <Filter>Buildsystem Input Files\external\SDL-image</Filter>
    </None>
    <None Include="C:\Users\User\source\repos\Audic212\TIPE\external\SDL-image\cmake\PrivateSdlFunctions.cmake">
      <Filter>Buildsystem Input Files\external\SDL-image\cmake</Filter>
    </None>
    <None Include="C:\Users\User\source\repos\Audic212\TIPE\external\SDL-ttf\CMakeLists.txt">
      <Filter>Buildsystem Input Files\external\SDL-ttf</Filter>
    </None>
    <None Include="C:\Users\User\source\repos\Audic212\TIPE\external\SDL-ttf\cmake\PrivateSdlFunctions.cmake">
      <Filter>Buildsystem Input Files\external\SDL-ttf\cmake</Filter>
    </None>
    <None Include="C:\Users\User\source\repos\Audic212\TIPE\external\SDL-ttf\external\freetype\CMakeLists.txt">
      <Filter>Buildsystem Input Files\external\SDL-ttf\external\freetype</Filter>
    </None>
    <None Include="C:\Users\User\source\repos\Audic212\TIPE\external\SDL\CMakeLists.txt">
      <Filter>Buildsystem Input Files\external\SDL</Filter>
    </None>
    <None Include="C:\Users\User\source\repos\Audic212\TIPE\external\SDL\cmake\3rdparty.cmake">
      <Filter>Buildsystem Input Files\external\SDL\cmake</Filter>
    </None>
    <None Include="C:\Users\User\source\repos\Audic212\TIPE\external\SDL\cmake\CheckCPUArchitecture.cmake">
      <Filter>Buildsystem Input Files\external\SDL\cmake</Filter>
    </None>
    <None Include="C:\Users\User\source\repos\Audic212\TIPE\external\SDL\cmake\GetGitRevisionDescription.cmake">
      <Filter>Buildsystem Input Files\external\SDL\cmake</Filter>
    </None>
    <None Include="C:\Users\User\source\repos\Audic212\TIPE\external\SDL\cmake\GetGitRevisionDescription.cmake.in">
      <Filter>Buildsystem Input Files\external\SDL\cmake</Filter>
    </None>
    <None Include="C:\Users\User\source\repos\Audic212\TIPE\external\SDL\cmake\SDL3Config.cmake.in">
      <Filter>Buildsystem Input Files\external\SDL\cmake</Filter>
    </None>
    <None Include="C:\Users\User\source\repos\Audic212\TIPE\external\SDL\cmake\macros.cmake">
      <Filter>Buildsystem Input Files\external\SDL\cmake</Filter>
    </None>
    <None Include="C:\Users\User\source\repos\Audic212\TIPE\external\SDL\cmake\sdlchecks.cmake">
      <Filter>Buildsystem Input Files\external\SDL\cmake</Filter>
    </None>
    <None Include="C:\Users\User\source\repos\Audic212\TIPE\external\SDL\cmake\sdlfind.cmake">
      <Filter>Buildsystem Input Files\external\SDL\cmake</Filter>
    </None>
    <None Include="C:\Users\User\source\repos\Audic212\TIPE\external\SDL\cmake\sdlplatform.cmake">
      <Filter>Buildsystem Input Files\external\SDL\cmake</Filter>
    </None>
    <None Include="C:\Users\User\source\repos\Audic212\TIPE\external\SDL\include\build_config\SDL_build_config.h.cmake">
      <Filter>Buildsystem Input Files\external\SDL\include\build_config</Filter>
    </None>
    <None Include="C:\Users\User\source\repos\Audic212\TIPE\external\SDL\include\build_config\SDL_revision.h.cmake">
      <Filter>Buildsystem Input Files\external\SDL\include\build_config</Filter>
    </None>
    <None Include="C:\Users\User\source\repos\Audic212\TIPE\external\glfw\CMake\cmake_uninstall.cmake.in">
      <Filter>Buildsystem Input Files\external\glfw\CMake</Filter>
    </None>
    <None Include="C:\Users\User\source\repos\Audic212\TIPE\external\glfw\CMake\glfw3.pc.in">
      <Filter>Buildsystem Input Files\external\glfw\CMake</Filter>
    </None>
    <None Include="C:\Users\User\source\repos\Audic212\TIPE\external\glfw\CMake\glfw3Config.cmake.in">
      <Filter>Buildsystem Input Files\external\glfw\CMake</Filter>
    </None>
    <None Include="C:\Users\User\source\repos\Audic212\TIPE\external\glfw\CMakeLists.txt">
      <Filter>Buildsystem Input Files\external\glfw</Filter>
    </None>
    <None Include="C:\Users\User\source\repos\Audic212\TIPE\external\glfw\src\CMakeLists.txt">
      <Filter>Buildsystem Input Files\external\glfw\src</Filter>
    </None>
    <None Include="C:\Users\User\source\repos\Audic212\TIPE\external\rapidcsv\CMakeLists.txt">
      <Filter>Buildsystem Input Files\external\rapidcsv</Filter>
    </None>
    <None Include="C:\Users\User\source\repos\Audic212\TIPE\external\yaml-cpp\CMakeLists.txt">
      <Filter>Buildsystem Input Files\external\yaml-cpp</Filter>
    </None>
    <None Include="C:\Users\User\source\repos\Audic212\TIPE\external\yaml-cpp\util\CMakeLists.txt">
      <Filter>Buildsystem Input Files\external\yaml-cpp\util</Filter>
    </None>
    <None Include="C:\Users\User\source\repos\Audic212\TIPE\external\yaml-cpp\yaml-cpp-config.cmake.in">
      <Filter>Buildsystem Input Files\external\yaml-cpp</Filter>
    </None>
    <None Include="C:\Users\User\source\repos\Audic212\TIPE\external\yaml-cpp\yaml-cpp.pc.in">
      <Filter>Buildsystem Input Files\external\yaml-cpp</Filter>
    </None>
  </ItemGroup>
  <ItemGroup>
    <Filter Include="CMake Rules">
      <UniqueIdentifier>{B7D16689-028D-39EB-9834-B598348A671D}</UniqueIdentifier>
    </Filter>
    <Filter Include="Header Files">
      <UniqueIdentifier>{B8AE680B-3E82-3E88-93C8-36D9599C94B1}</UniqueIdentifier>
    </Filter>
    <Filter Include="Buildsystem Input Files\.git\modules\external\SDL">
      <UniqueIdentifier>{AC2BADC7-4E54-32D6-989C-0B41962ED245}</UniqueIdentifier>
    </Filter>
    <Filter Include="Buildsystem Input Files\external\SDL">
      <UniqueIdentifier>{EAFCD28C-74CF-3D4B-95FA-65B85165A4A4}</UniqueIdentifier>
    </Filter>
    <Filter Include="Buildsystem Input Files\external\SDL-image">
      <UniqueIdentifier>{69A64945-9FDF-3AA9-8E80-7DD577327571}</UniqueIdentifier>
    </Filter>
    <Filter Include="Buildsystem Input Files\external\SDL-image\cmake">
      <UniqueIdentifier>{E8DE5814-26FE-314F-89D5-C3E08285D6D0}</UniqueIdentifier>
    </Filter>
    <Filter Include="Buildsystem Input Files\external\SDL-ttf">
      <UniqueIdentifier>{470AD57F-60E8-34EE-BBA1-CD67D8D8A73B}</UniqueIdentifier>
    </Filter>
    <Filter Include="Buildsystem Input Files\external\SDL-ttf\cmake">
      <UniqueIdentifier>{710C8BE5-FEBF-3903-8A25-7720ED113A59}</UniqueIdentifier>
    </Filter>
    <Filter Include="Buildsystem Input Files\external\SDL-ttf\external\freetype">
      <UniqueIdentifier>{FA860871-8B06-3314-818C-BBE833B5D6EB}</UniqueIdentifier>
    </Filter>
    <Filter Include="Buildsystem Input Files\external\SDL\cmake">
      <UniqueIdentifier>{50839892-C9B8-34C3-9947-AFC29C23B489}</UniqueIdentifier>
    </Filter>
    <Filter Include="Buildsystem Input Files\external\SDL\include\build_config">
      <UniqueIdentifier>{C59E3A2A-E447-3FFE-9065-ED1FA91E59C5}</UniqueIdentifier>
    </Filter>
    <Filter Include="Buildsystem Input Files\external\glfw">
      <UniqueIdentifier>{31C69292-8BD2-312A-AFAF-40430A8DB0B8}</UniqueIdentifier>
    </Filter>
    <Filter Include="Buildsystem Input Files\external\glfw\CMake">
      <UniqueIdentifier>{D25B0B2F-AF40-3FE2-8BA1-35864FDCA546}</UniqueIdentifier>
    </Filter>
    <Filter Include="Buildsystem Input Files\external\glfw\src">
      <UniqueIdentifier>{1BD55620-FF24-344D-8167-C0A0CFD6F196}</UniqueIdentifier>
    </Filter>
    <Filter Include="Buildsystem Input Files\external\rapidcsv">
      <UniqueIdentifier>{633C0A2B-4B65-3496-86D3-28BB67A59DBF}</UniqueIdentifier>
    </Filter>
    <Filter Include="Buildsystem Input Files\external\yaml-cpp">
      <UniqueIdentifier>{BADB24C5-596A-3BF6-B649-F0998E77AA8C}</UniqueIdentifier>
    </Filter>
    <Filter Include="Buildsystem Input Files\external\yaml-cpp\util">
      <UniqueIdentifier>{64DCF791-A1C8-3466-8CB0-0A189708414E}</UniqueIdentifier>
    </Filter>
  </ItemGroup>
</Project>
